
Microsoft Visual Studio Solution File, Format Version 12.00
# Visual Studio 15
Project("{FAE04EC0-301F-11D3-BF4B-00C04F79EFBC}") = "Assembly-CSharp", "Assembly-CSharp.csproj", "{B13D2CD5-B422-BA11-C4FB-684872B24C82}"
EndProject
Project("{FAE04EC0-301F-11D3-BF4B-00C04F79EFBC}") = "UMA_Core", "UMA_Core.csproj", "{F841F2B7-BAB2-DEC6-638C-A69D5ADD2B8B}"
EndProject
Project("{FAE04EC0-301F-11D3-BF4B-00C04F79EFBC}") = "UMA_Examples", "UMA_Examples.csproj", "{2A026F2E-D22C-AE27-039B-6E6D4923A887}"
EndProject
Project("{FAE04EC0-301F-11D3-BF4B-00C04F79EFBC}") = "UMA_Content", "UMA_Content.csproj", "{2D86EB72-E68C-2571-4610-E2931782E9BE}"
EndProject
Project("{FAE04EC0-301F-11D3-BF4B-00C04F79EFBC}") = "UMA_Core_Editor", "UMA_Core_Editor.csproj", "{FF8BC5C4-8227-7CFE-A0D2-651C29E1CE1D}"
EndProject
Project("{FAE04EC0-301F-11D3-BF4B-00C04F79EFBC}") = "UMA_Examples_Editor", "UMA_Examples_Editor.csproj", "{4FA1D446-3F43-B82E-7EE2-C95BBABDC61D}"
EndProject
Project("{FAE04EC0-301F-11D3-BF4B-00C04F79EFBC}") = "Addressable_Editor", "Addressable_Editor.csproj", "{BA555B03-E865-1423-5B80-1B2BF366D47F}"
EndProject
Global
	GlobalSection(SolutionConfigurationPlatforms) = preSolution
		Debug|Any CPU = Debug|Any CPU
		Release|Any CPU = Release|Any CPU
	EndGlobalSection
	GlobalSection(ProjectConfigurationPlatforms) = postSolution
		{B13D2CD5-B422-BA11-C4FB-684872B24C82}.Debug|Any CPU.ActiveCfg = Debug|Any CPU
		{B13D2CD5-B422-BA11-C4FB-684872B24C82}.Debug|Any CPU.Build.0 = Debug|Any CPU
		{B13D2CD5-B422-BA11-C4FB-684872B24C82}.Release|Any CPU.ActiveCfg = Release|Any CPU
		{B13D2CD5-B422-BA11-C4FB-684872B24C82}.Release|Any CPU.Build.0 = Release|Any CPU
		{F841F2B7-BAB2-DEC6-638C-A69D5ADD2B8B}.Debug|Any CPU.ActiveCfg = Debug|Any CPU
		{F841F2B7-BAB2-DEC6-638C-A69D5ADD2B8B}.Debug|Any CPU.Build.0 = Debug|Any CPU
		{F841F2B7-BAB2-DEC6-638C-A69D5ADD2B8B}.Release|Any CPU.ActiveCfg = Release|Any CPU
		{F841F2B7-BAB2-DEC6-638C-A69D5ADD2B8B}.Release|Any CPU.Build.0 = Release|Any CPU
		{2A026F2E-D22C-AE27-039B-6E6D4923A887}.Debug|Any CPU.ActiveCfg = Debug|Any CPU
		{2A026F2E-D22C-AE27-039B-6E6D4923A887}.Debug|Any CPU.Build.0 = Debug|Any CPU
		{2A026F2E-D22C-AE27-039B-6E6D4923A887}.Release|Any CPU.ActiveCfg = Release|Any CPU
		{2A026F2E-D22C-AE27-039B-6E6D4923A887}.Release|Any CPU.Build.0 = Release|Any CPU
		{2D86EB72-E68C-2571-4610-E2931782E9BE}.Debug|Any CPU.ActiveCfg = Debug|Any CPU
		{2D86EB72-E68C-2571-4610-E2931782E9BE}.Debug|Any CPU.Build.0 = Debug|Any CPU
		{2D86EB72-E68C-2571-4610-E2931782E9BE}.Release|Any CPU.ActiveCfg = Release|Any CPU
		{2D86EB72-E68C-2571-4610-E2931782E9BE}.Release|Any CPU.Build.0 = Release|Any CPU
		{FF8BC5C4-8227-7CFE-A0D2-651C29E1CE1D}.Debug|Any CPU.ActiveCfg = Debug|Any CPU
		{FF8BC5C4-8227-7CFE-A0D2-651C29E1CE1D}.Debug|Any CPU.Build.0 = Debug|Any CPU
		{FF8BC5C4-8227-7CFE-A0D2-651C29E1CE1D}.Release|Any CPU.ActiveCfg = Release|Any CPU
		{FF8BC5C4-8227-7CFE-A0D2-651C29E1CE1D}.Release|Any CPU.Build.0 = Release|Any CPU
		{4FA1D446-3F43-B82E-7EE2-C95BBABDC61D}.Debug|Any CPU.ActiveCfg = Debug|Any CPU
		{4FA1D446-3F43-B82E-7EE2-C95BBABDC61D}.Debug|Any CPU.Build.0 = Debug|Any CPU
		{4FA1D446-3F43-B82E-7EE2-C95BBABDC61D}.Release|Any CPU.ActiveCfg = Release|Any CPU
		{4FA1D446-3F43-B82E-7EE2-C95BBABDC61D}.Release|Any CPU.Build.0 = Release|Any CPU
		{BA555B03-E865-1423-5B80-1B2BF366D47F}.Debug|Any CPU.ActiveCfg = Debug|Any CPU
		{BA555B03-E865-1423-5B80-1B2BF366D47F}.Debug|Any CPU.Build.0 = Debug|Any CPU
		{BA555B03-E865-1423-5B80-1B2BF366D47F}.Release|Any CPU.ActiveCfg = Release|Any CPU
		{BA555B03-E865-1423-5B80-1B2BF366D47F}.Release|Any CPU.Build.0 = Release|Any CPU
	EndGlobalSection
	GlobalSection(SolutionProperties) = preSolution
		HideSolutionNode = FALSE
	EndGlobalSection
EndGlobal
