
Microsoft Visual Studio Solution File, Format Version 12.00
# Visual Studio 15
Project("{FAE04EC0-301F-11D3-BF4B-00C04F79EFBC}") = "Assembly-CSharp", "Assembly-CSharp.csproj", "{1AB38BC3-EEDE-77EA-F2C8-66CD0FE2AE56}"
EndProject
Project("{FAE04EC0-301F-11D3-BF4B-00C04F79EFBC}") = "Assembly-CSharp-firstpass", "Assembly-CSharp-firstpass.csproj", "{B553FF4B-7749-A8DA-6592-D3D7DB955DE5}"
EndProject
Project("{FAE04EC0-301F-11D3-BF4B-00C04F79EFBC}") = "Assembly-CSharp-Editor", "Assembly-CSharp-Editor.csproj", "{2C5CB48D-DFD7-A1D0-F205-6B1AE7197820}"
EndProject
Global
	GlobalSection(SolutionConfigurationPlatforms) = preSolution
		Debug|Any CPU = Debug|Any CPU
		Release|Any CPU = Release|Any CPU
	EndGlobalSection
	GlobalSection(ProjectConfigurationPlatforms) = postSolution
		{1AB38BC3-EEDE-77EA-F2C8-66CD0FE2AE56}.Debug|Any CPU.ActiveCfg = Debug|Any CPU
		{1AB38BC3-EEDE-77EA-F2C8-66CD0FE2AE56}.Debug|Any CPU.Build.0 = Debug|Any CPU
		{1AB38BC3-EEDE-77EA-F2C8-66CD0FE2AE56}.Release|Any CPU.ActiveCfg = Release|Any CPU
		{1AB38BC3-EEDE-77EA-F2C8-66CD0FE2AE56}.Release|Any CPU.Build.0 = Release|Any CPU
		{B553FF4B-7749-A8DA-6592-D3D7DB955DE5}.Debug|Any CPU.ActiveCfg = Debug|Any CPU
		{B553FF4B-7749-A8DA-6592-D3D7DB955DE5}.Debug|Any CPU.Build.0 = Debug|Any CPU
		{B553FF4B-7749-A8DA-6592-D3D7DB955DE5}.Release|Any CPU.ActiveCfg = Release|Any CPU
		{B553FF4B-7749-A8DA-6592-D3D7DB955DE5}.Release|Any CPU.Build.0 = Release|Any CPU
		{2C5CB48D-DFD7-A1D0-F205-6B1AE7197820}.Debug|Any CPU.ActiveCfg = Debug|Any CPU
		{2C5CB48D-DFD7-A1D0-F205-6B1AE7197820}.Debug|Any CPU.Build.0 = Debug|Any CPU
		{2C5CB48D-DFD7-A1D0-F205-6B1AE7197820}.Release|Any CPU.ActiveCfg = Release|Any CPU
		{2C5CB48D-DFD7-A1D0-F205-6B1AE7197820}.Release|Any CPU.Build.0 = Release|Any CPU
	EndGlobalSection
	GlobalSection(SolutionProperties) = preSolution
		HideSolutionNode = FALSE
	EndGlobalSection
	GlobalSection(MonoDevelopProperties) = preSolution
		StartupItem = Assembly-CSharp.csproj
	EndGlobalSection
EndGlobal
